// !$*UTF8*$!
{ archiveVersion = 1; classes = {}; objectVersion = 56; objects = {
000000000000000000000001 = { isa = PBXProject; attributes = { LastUpgradeCheck = 2700; }; buildConfigurationList = 000000000000000000000009; compatibilityVersion = "Xcode 14.0"; developmentRegion = en; knownRegions = (en, Base); mainGroup = 000000000000000000000002; productRefGroup = 000000000000000000000003; projectDirPath = ""; projectRoot = ""; targets = (000000000000000000000004); packageReferences = (00000000000000000000000F); };
000000000000000000000002 = { isa = PBXGroup; children = (000000000000000000000012,000000000000000000000014,000000000000000000000003); sourceTree = "<group>"; };
000000000000000000000003 = { isa = PBXGroup; children = (000000000000000000000005); name = Products; sourceTree = "<group>"; };
000000000000000000000005 = { isa = PBXFileReference; explicitFileType = wrapper.application; path = WeightCoach.app; sourceTree = BUILT_PRODUCTS_DIR; };
000000000000000000000012 = { isa = PBXFileReference; lastKnownFileType = sourcecode.swift; path = App/WeightCoachApp.swift; sourceTree = "<group>"; };
000000000000000000000013 = { isa = PBXBuildFile; fileRef = 000000000000000000000012; };
000000000000000000000014 = { isa = PBXFileReference; lastKnownFileType = sourcecode.swift; path = Features/RootView.swift; sourceTree = "<group>"; };
000000000000000000000015 = { isa = PBXBuildFile; fileRef = 000000000000000000000014; };
000000000000000000000004 = { isa = PBXNativeTarget; buildConfigurationList = 00000000000000000000000A; buildPhases = (000000000000000000000006,000000000000000000000007,000000000000000000000008); buildRules = (); dependencies = (); name = WeightCoach; productName = WeightCoach; productReference = 000000000000000000000005; productType = "com.apple.product-type.application"; packageProductDependencies = (000000000000000000000010); };
000000000000000000000006 = { isa = PBXSourcesBuildPhase; buildActionMask = 2147483647; files = (000000000000000000000013,000000000000000000000015); runOnlyForDeploymentPostprocessing = 0; };
000000000000000000000007 = { isa = PBXFrameworksBuildPhase; buildActionMask = 2147483647; files = (000000000000000000000011); runOnlyForDeploymentPostprocessing = 0; };
000000000000000000000008 = { isa = PBXResourcesBuildPhase; buildActionMask = 2147483647; files = (); runOnlyForDeploymentPostprocessing = 0; };
00000000000000000000000F = { isa = XCLocalSwiftPackageReference; relativePath = ..; };
000000000000000000000010 = { isa = XCSwiftPackageProductDependency; package = 00000000000000000000000F; productName = WeightCoachCore; };
000000000000000000000011 = { isa = PBXBuildFile; productRef = 000000000000000000000010; };
000000000000000000000009 = { isa = XCConfigurationList; buildConfigurations = (00000000000000000000000B,00000000000000000000000C); defaultConfigurationIsVisible = 0; defaultConfigurationName = Release; };
00000000000000000000000B = { isa = XCBuildConfiguration; buildSettings = { IPHONEOS_DEPLOYMENT_TARGET = 17.0; SDKROOT = iphoneos; SWIFT_VERSION = 6.0; CLANG_ENABLE_MODULES = YES; SWIFT_OPTIMIZATION_LEVEL = "-Onone"; }; name = Debug; };
00000000000000000000000C = { isa = XCBuildConfiguration; buildSettings = { IPHONEOS_DEPLOYMENT_TARGET = 17.0; SDKROOT = iphoneos; SWIFT_VERSION = 6.0; CLANG_ENABLE_MODULES = YES; }; name = Release; };
00000000000000000000000A = { isa = XCConfigurationList; buildConfigurations = (00000000000000000000000D,00000000000000000000000E); defaultConfigurationIsVisible = 0; defaultConfigurationName = Release; };
00000000000000000000000D = { isa = XCBuildConfiguration; buildSettings = { IPHONEOS_DEPLOYMENT_TARGET = 17.0; SDKROOT = iphoneos; SWIFT_VERSION = 6.0; CLANG_ENABLE_MODULES = YES; GENERATE_INFOPLIST_FILE = YES; INFOPLIST_KEY_CFBundleDisplayName = "Weight Coach"; INFOPLIST_KEY_UILaunchScreen_Generation = YES; INFOPLIST_KEY_UIApplicationSceneManifest_Generation = YES; PRODUCT_BUNDLE_IDENTIFIER = personal.WeightCoach; PRODUCT_NAME = "$(TARGET_NAME)"; TARGETED_DEVICE_FAMILY = 1; CODE_SIGN_STYLE = Automatic; MARKETING_VERSION = 0.1.0; CURRENT_PROJECT_VERSION = 1; SWIFT_OPTIMIZATION_LEVEL = "-Onone"; }; name = Debug; };
00000000000000000000000E = { isa = XCBuildConfiguration; buildSettings = { IPHONEOS_DEPLOYMENT_TARGET = 17.0; SDKROOT = iphoneos; SWIFT_VERSION = 6.0; CLANG_ENABLE_MODULES = YES; GENERATE_INFOPLIST_FILE = YES; INFOPLIST_KEY_CFBundleDisplayName = "Weight Coach"; INFOPLIST_KEY_UILaunchScreen_Generation = YES; INFOPLIST_KEY_UIApplicationSceneManifest_Generation = YES; PRODUCT_BUNDLE_IDENTIFIER = personal.WeightCoach; PRODUCT_NAME = "$(TARGET_NAME)"; TARGETED_DEVICE_FAMILY = 1; CODE_SIGN_STYLE = Automatic; MARKETING_VERSION = 0.1.0; CURRENT_PROJECT_VERSION = 1; }; name = Release; };
}; rootObject = 000000000000000000000001; }
